
Microsoft Visual Studio Solution File, Format Version 12.00
# Visual Studio 14
VisualStudioVersion = 14.0.25420.1
MinimumVisualStudioVersion = 10.0.40219.1
Project("{FAE04EC0-301F-11D3-BF4B-00C04F79EFBC}") = "IdentityMySQL", "IdentityMySQL\IdentityMySQL.csproj", "{84CFC9A9-93CF-4A73-925A-DB4A6D9A7FB4}"
EndProject
Global
	GlobalSection(SolutionConfigurationPlatforms) = preSolution
		Debug|Any CPU = Debug|Any CPU
		Release|Any CPU = Release|Any CPU
	EndGlobalSection
	GlobalSection(ProjectConfigurationPlatforms) = postSolution
		{84CFC9A9-93CF-4A73-925A-DB4A6D9A7FB4}.Debug|Any CPU.ActiveCfg = Debug|Any CPU
		{84CFC9A9-93CF-4A73-925A-DB4A6D9A7FB4}.Debug|Any CPU.Build.0 = Debug|Any CPU
		{84CFC9A9-93CF-4A73-925A-DB4A6D9A7FB4}.Release|Any CPU.ActiveCfg = Release|Any CPU
		{84CFC9A9-93CF-4A73-925A-DB4A6D9A7FB4}.Release|Any CPU.Build.0 = Release|Any CPU
	EndGlobalSection
	GlobalSection(SolutionProperties) = preSolution
		HideSolutionNode = FALSE
	EndGlobalSection
EndGlobal
